
Microsoft Visual Studio Solution File, Format Version 12.00
# Visual Studio 15
VisualStudioVersion = 15.0.28307.572
MinimumVisualStudioVersion = 10.0.40219.1
Project("{8BC9CEB8-8B4A-11D0-8D11-00A0C91BC942}") = "std_invoke", "std_invoke.vcxproj", "{9E33B5D0-DD81-476B-9FD6-8AB5B6EA6A23}"
EndProject
Global
	GlobalSection(SolutionConfigurationPlatforms) = preSolution
		Debug|x64 = Debug|x64
		Debug|x86 = Debug|x86
		Release|x64 = Release|x64
		Release|x86 = Release|x86
	EndGlobalSection
	GlobalSection(ProjectConfigurationPlatforms) = postSolution
		{9E33B5D0-DD81-476B-9FD6-8AB5B6EA6A23}.Debug|x64.ActiveCfg = Debug|x64
		{9E33B5D0-DD81-476B-9FD6-8AB5B6EA6A23}.Debug|x64.Build.0 = Debug|x64
		{9E33B5D0-DD81-476B-9FD6-8AB5B6EA6A23}.Debug|x86.ActiveCfg = Debug|Win32
		{9E33B5D0-DD81-476B-9FD6-8AB5B6EA6A23}.Debug|x86.Build.0 = Debug|Win32
		{9E33B5D0-DD81-476B-9FD6-8AB5B6EA6A23}.Release|x64.ActiveCfg = Release|x64
		{9E33B5D0-DD81-476B-9FD6-8AB5B6EA6A23}.Release|x64.Build.0 = Release|x64
		{9E33B5D0-DD81-476B-9FD6-8AB5B6EA6A23}.Release|x86.ActiveCfg = Release|Win32
		{9E33B5D0-DD81-476B-9FD6-8AB5B6EA6A23}.Release|x86.Build.0 = Release|Win32
	EndGlobalSection
	GlobalSection(SolutionProperties) = preSolution
		HideSolutionNode = FALSE
	EndGlobalSection
	GlobalSection(ExtensibilityGlobals) = postSolution
		SolutionGuid = {B1A9D0A8-079E-42F3-AF13-4EF530A4150D}
	EndGlobalSection
EndGlobal
